// !$*UTF8*$!
{
	archiveVersion = 1;
	classes = {
	};
	objectVersion = 50;
	objects = {

/* Begin PBXBuildFile section */
		1DF1A8E51C5E98C524842A7E /* libPods-Geofencing.a in Frameworks */ = {isa = PBXBuildFile; fileRef = 84517192C7AAC7B683C6CF4E /* libPods-Geofencing.a */; };
		CE84153021A979CC00BD6F83 /* AppDelegate.swift in Sources */ = {isa = PBXBuildFile; fileRef = CE84152F21A979CC00BD6F83 /* AppDelegate.swift */; };
		CE84153221A979CC00BD6F83 /* ViewController.swift in Sources */ = {isa = PBXBuildFile; fileRef = CE84153121A979CC00BD6F83 /* ViewController.swift */; };
		CE84153521A979CC00BD6F83 /* Main.storyboard in Resources */ = {isa = PBXBuildFile; fileRef = CE84153321A979CC00BD6F83 /* Main.storyboard */; };
		CE84153721A979CE00BD6F83 /* Assets.xcassets in Resources */ = {isa = PBXBuildFile; fileRef = CE84153621A979CE00BD6F83 /* Assets.xcassets */; };
		CE84153A21A979CE00BD6F83 /* LaunchScreen.storyboard in Resources */ = {isa = PBXBuildFile; fileRef = CE84153821A979CE00BD6F83 /* LaunchScreen.storyboard */; };
/* End PBXBuildFile section */

/* Begin PBXFileReference section */
		4441C52E06E53B9B5C3369E7 /* Pods-Geofencing.debug.xcconfig */ = {isa = PBXFileReference; includeInIndex = 1; lastKnownFileType = text.xcconfig; name = "Pods-Geofencing.debug.xcconfig"; path = "Pods/Target Support Files/Pods-Geofencing/Pods-Geofencing.debug.xcconfig"; sourceTree = "<group>"; };
		84517192C7AAC7B683C6CF4E /* libPods-Geofencing.a */ = {isa = PBXFileReference; explicitFileType = archive.ar; includeInIndex = 0; path = "libPods-Geofencing.a"; sourceTree = BUILT_PRODUCTS_DIR; };
		8D78E82876DD1B6C0CAFDDFF /* Pods-Geofencing.release.xcconfig */ = {isa = PBXFileReference; includeInIndex = 1; lastKnownFileType = text.xcconfig; name = "Pods-Geofencing.release.xcconfig"; path = "Pods/Target Support Files/Pods-Geofencing/Pods-Geofencing.release.xcconfig"; sourceTree = "<group>"; };
		CE84152C21A979CC00BD6F83 /* Geofencing.app */ = {isa = PBXFileReference; explicitFileType = wrapper.application; includeInIndex = 0; path = Geofencing.app; sourceTree = BUILT_PRODUCTS_DIR; };
		CE84152F21A979CC00BD6F83 /* AppDelegate.swift */ = {isa = PBXFileReference; lastKnownFileType = sourcecode.swift; path = AppDelegate.swift; sourceTree = "<group>"; };
		CE84153121A979CC00BD6F83 /* ViewController.swift */ = {isa = PBXFileReference; lastKnownFileType = sourcecode.swift; path = ViewController.swift; sourceTree = "<group>"; };
		CE84153421A979CC00BD6F83 /* Base */ = {isa = PBXFileReference; lastKnownFileType = file.storyboard; name = Base; path = Base.lproj/Main.storyboard; sourceTree = "<group>"; };
		CE84153621A979CE00BD6F83 /* Assets.xcassets */ = {isa = PBXFileReference; lastKnownFileType = folder.assetcatalog; path = Assets.xcassets; sourceTree = "<group>"; };
		CE84153921A979CE00BD6F83 /* Base */ = {isa = PBXFileReference; lastKnownFileType = file.storyboard; name = Base; path = Base.lproj/LaunchScreen.storyboard; sourceTree = "<group>"; };
		CE84153B21A979CE00BD6F83 /* Info.plist */ = {isa = PBXFileReference; lastKnownFileType = text.plist.xml; path = Info.plist; sourceTree = "<group>"; };
/* End PBXFileReference section */

/* Begin PBXFrameworksBuildPhase section */
		CE84152921A979CC00BD6F83 /* Frameworks */ = {
			isa = PBXFrameworksBuildPhase;
			buildActionMask = 2147483647;
			files = (
				1DF1A8E51C5E98C524842A7E /* libPods-Geofencing.a in Frameworks */,
			);
			runOnlyForDeploymentPostprocessing = 0;
		};
/* End PBXFrameworksBuildPhase section */

/* Begin PBXGroup section */
		B7CC837C4879BF92DACAAEA0 /* Pods */ = {
			isa = PBXGroup;
			children = (
				4441C52E06E53B9B5C3369E7 /* Pods-Geofencing.debug.xcconfig */,
				8D78E82876DD1B6C0CAFDDFF /* Pods-Geofencing.release.xcconfig */,
			);
			name = Pods;
			sourceTree = "<group>";
		};
		CE84152321A979CC00BD6F83 = {
			isa = PBXGroup;
			children = (
				CE84152E21A979CC00BD6F83 /* Geofencing */,
				CE84152D21A979CC00BD6F83 /* Products */,
				B7CC837C4879BF92DACAAEA0 /* Pods */,
				FB0ED84D4A3B2141C9B7F628 /* Frameworks */,
			);
			sourceTree = "<group>";
		};
		CE84152D21A979CC00BD6F83 /* Products */ = {
			isa = PBXGroup;
			children = (
				CE84152C21A979CC00BD6F83 /* Geofencing.app */,
			);
			name = Products;
			sourceTree = "<group>";
		};
		CE84152E21A979CC00BD6F83 /* Geofencing */ = {
			isa = PBXGroup;
			children = (
				CE84152F21A979CC00BD6F83 /* AppDelegate.swift */,
				CE84153121A979CC00BD6F83 /* ViewController.swift */,
				CE84153321A979CC00BD6F83 /* Main.storyboard */,
				CE84153621A979CE00BD6F83 /* Assets.xcassets */,
				CE84153821A979CE00BD6F83 /* LaunchScreen.storyboard */,
				CE84153B21A979CE00BD6F83 /* Info.plist */,
			);
			path = Geofencing;
			sourceTree = "<group>";
		};
		FB0ED84D4A3B2141C9B7F628 /* Frameworks */ = {
			isa = PBXGroup;
			children = (
				84517192C7AAC7B683C6CF4E /* libPods-Geofencing.a */,
			);
			name = Frameworks;
			sourceTree = "<group>";
		};
/* End PBXGroup section */

/* Begin PBXNativeTarget section */
		CE84152B21A979CC00BD6F83 /* Geofencing */ = {
			isa = PBXNativeTarget;
			buildConfigurationList = CE84153E21A979CE00BD6F83 /* Build configuration list for PBXNativeTarget "Geofencing" */;
			buildPhases = (
				1E5DB2B5ABCAB26C8854562F /* [CP] Check Pods Manifest.lock */,
				CE84152821A979CC00BD6F83 /* Sources */,
				CE84152921A979CC00BD6F83 /* Frameworks */,
				CE84152A21A979CC00BD6F83 /* Resources */,
				01CB2C6A23D9E6D0FA3B0430 /* [CP] Embed Pods Frameworks */,
			);
			buildRules = (
			);
			dependencies = (
			);
			name = Geofencing;
			productName = Geofencing;
			productReference = CE84152C21A979CC00BD6F83 /* Geofencing.app */;
			productType = "com.apple.product-type.application";
		};
/* End PBXNativeTarget section */

/* Begin PBXProject section */
		CE84152421A979CC00BD6F83 /* Project object */ = {
			isa = PBXProject;
			attributes = {
				LastSwiftUpdateCheck = 1010;
				LastUpgradeCheck = 1010;
				ORGANIZATIONNAME = ptb;
				TargetAttributes = {
					CE84152B21A979CC00BD6F83 = {
						CreatedOnToolsVersion = 10.1;
					};
				};
			};
			buildConfigurationList = CE84152721A979CC00BD6F83 /* Build configuration list for PBXProject "Geofencing" */;
			compatibilityVersion = "Xcode 9.3";
			developmentRegion = en;
			hasScannedForEncodings = 0;
			knownRegions = (
				en,
				Base,
			);
			mainGroup = CE84152321A979CC00BD6F83;
			productRefGroup = CE84152D21A979CC00BD6F83 /* Products */;
			projectDirPath = "";
			projectRoot = "";
			targets = (
				CE84152B21A979CC00BD6F83 /* Geofencing */,
			);
		};
/* End PBXProject section */

/* Begin PBXResourcesBuildPhase section */
		CE84152A21A979CC00BD6F83 /* Resources */ = {
			isa = PBXResourcesBuildPhase;
			buildActionMask = 2147483647;
			files = (
				CE84153A21A979CE00BD6F83 /* LaunchScreen.storyboard in Resources */,
				CE84153721A979CE00BD6F83 /* Assets.xcassets in Resources */,
				CE84153521A979CC00BD6F83 /* Main.storyboard in Resources */,
			);
			runOnlyForDeploymentPostprocessing = 0;
		};
/* End PBXResourcesBuildPhase section */

/* Begin PBXShellScriptBuildPhase section */
		01CB2C6A23D9E6D0FA3B0430 /* [CP] Embed Pods Frameworks */ = {
			isa = PBXShellScriptBuildPhase;
			buildActionMask = 2147483647;
			files = (
			);
			inputFileListPaths = (
			);
			inputPaths = (
				"${SRCROOT}/Pods/Target Support Files/Pods-Geofencing/Pods-Geofencing-frameworks.sh",
				"${PODS_ROOT}/AppSpectorSDK/AppSpectorSDK.framework",
			);
			name = "[CP] Embed Pods Frameworks";
			outputFileListPaths = (
			);
			outputPaths = (
				"${TARGET_BUILD_DIR}/${FRAMEWORKS_FOLDER_PATH}/AppSpectorSDK.framework",
			);
			runOnlyForDeploymentPostprocessing = 0;
			shellPath = /bin/sh;
			shellScript = "\"${SRCROOT}/Pods/Target Support Files/Pods-Geofencing/Pods-Geofencing-frameworks.sh\"\n";
			showEnvVarsInLog = 0;
		};
		1E5DB2B5ABCAB26C8854562F /* [CP] Check Pods Manifest.lock */ = {
			isa = PBXShellScriptBuildPhase;
			buildActionMask = 2147483647;
			files = (
			);
			inputFileListPaths = (
			);
			inputPaths = (
				"${PODS_PODFILE_DIR_PATH}/Podfile.lock",
				"${PODS_ROOT}/Manifest.lock",
			);
			name = "[CP] Check Pods Manifest.lock";
			outputFileListPaths = (
			);
			outputPaths = (
				"$(DERIVED_FILE_DIR)/Pods-Geofencing-checkManifestLockResult.txt",
			);
			runOnlyForDeploymentPostprocessing = 0;
			shellPath = /bin/sh;
			shellScript = "diff \"${PODS_PODFILE_DIR_PATH}/Podfile.lock\" \"${PODS_ROOT}/Manifest.lock\" > /dev/null\nif [ $? != 0 ] ; then\n    # print error to STDERR\n    echo \"error: The sandbox is not in sync with the Podfile.lock. Run 'pod install' or update your CocoaPods installation.\" >&2\n    exit 1\nfi\n# This output is used by Xcode 'outputs' to avoid re-running this script phase.\necho \"SUCCESS\" > \"${SCRIPT_OUTPUT_FILE_0}\"\n";
			showEnvVarsInLog = 0;
		};
/* End PBXShellScriptBuildPhase section */

/* Begin PBXSourcesBuildPhase section */
		CE84152821A979CC00BD6F83 /* Sources */ = {
			isa = PBXSourcesBuildPhase;
			buildActionMask = 2147483647;
			files = (
				CE84153221A979CC00BD6F83 /* ViewController.swift in Sources */,
				CE84153021A979CC00BD6F83 /* AppDelegate.swift in Sources */,
			);
			runOnlyForDeploymentPostprocessing = 0;
		};
/* End PBXSourcesBuildPhase section */

/* Begin PBXVariantGroup section */
		CE84153321A979CC00BD6F83 /* Main.storyboard */ = {
			isa = PBXVariantGroup;
			children = (
				CE84153421A979CC00BD6F83 /* Base */,
			);
			name = Main.storyboard;
			sourceTree = "<group>";
		};
		CE84153821A979CE00BD6F83 /* LaunchScreen.storyboard */ = {
			isa = PBXVariantGroup;
			children = (
				CE84153921A979CE00BD6F83 /* Base */,
			);
			name = LaunchScreen.storyboard;
			sourceTree = "<group>";
		};
/* End PBXVariantGroup section */

/* Begin XCBuildConfiguration section */
		CE84153C21A979CE00BD6F83 /* Debug */ = {
			isa = XCBuildConfiguration;
			buildSettings = {
				ALWAYS_SEARCH_USER_PATHS = NO;
				CLANG_ANALYZER_NONNULL = YES;
				CLANG_ANALYZER_NUMBER_OBJECT_CONVERSION = YES_AGGRESSIVE;
				CLANG_CXX_LANGUAGE_STANDARD = "gnu++14";
				CLANG_CXX_LIBRARY = "libc++";
				CLANG_ENABLE_MODULES = YES;
				CLANG_ENABLE_OBJC_ARC = YES;
				CLANG_ENABLE_OBJC_WEAK = YES;
				CLANG_WARN_BLOCK_CAPTURE_AUTORELEASING = YES;
				CLANG_WARN_BOOL_CONVERSION = YES;
				CLANG_WARN_COMMA = YES;
				CLANG_WARN_CONSTANT_CONVERSION = YES;
				CLANG_WARN_DEPRECATED_OBJC_IMPLEMENTATIONS = YES;
				CLANG_WARN_DIRECT_OBJC_ISA_USAGE = YES_ERROR;
				CLANG_WARN_DOCUMENTATION_COMMENTS = YES;
				CLANG_WARN_EMPTY_BODY = YES;
				CLANG_WARN_ENUM_CONVERSION = YES;
				CLANG_WARN_INFINITE_RECURSION = YES;
				CLANG_WARN_INT_CONVERSION = YES;
				CLANG_WARN_NON_LITERAL_NULL_CONVERSION = YES;
				CLANG_WARN_OBJC_IMPLICIT_RETAIN_SELF = YES;
				CLANG_WARN_OBJC_LITERAL_CONVERSION = YES;
				CLANG_WARN_OBJC_ROOT_CLASS = YES_ERROR;
				CLANG_WARN_RANGE_LOOP_ANALYSIS = YES;
				CLANG_WARN_STRICT_PROTOTYPES = YES;
				CLANG_WARN_SUSPICIOUS_MOVE = YES;
				CLANG_WARN_UNGUARDED_AVAILABILITY = YES_AGGRESSIVE;
				CLANG_WARN_UNREACHABLE_CODE = YES;
				CLANG_WARN__DUPLICATE_METHOD_MATCH = YES;
				CODE_SIGN_IDENTITY = "iPhone Developer";
				COPY_PHASE_STRIP = NO;
				DEBUG_INFORMATION_FORMAT = dwarf;
				ENABLE_STRICT_OBJC_MSGSEND = YES;
				ENABLE_TESTABILITY = YES;
				GCC_C_LANGUAGE_STANDARD = gnu11;
				GCC_DYNAMIC_NO_PIC = NO;
				GCC_NO_COMMON_BLOCKS = YES;
				GCC_OPTIMIZATION_LEVEL = 0;
				GCC_PREPROCESSOR_DEFINITIONS = (
					"DEBUG=1",
					"$(inherited)",
				);
				GCC_WARN_64_TO_32_BIT_CONVERSION = YES;
				GCC_WARN_ABOUT_RETURN_TYPE = YES_ERROR;
				GCC_WARN_UNDECLARED_SELECTOR = YES;
				GCC_WARN_UNINITIALIZED_AUTOS = YES_AGGRESSIVE;
				GCC_WARN_UNUSED_FUNCTION = YES;
				GCC_WARN_UNUSED_VARIABLE = YES;
				IPHONEOS_DEPLOYMENT_TARGET = 12.1;
				MTL_ENABLE_DEBUG_INFO = INCLUDE_SOURCE;
				MTL_FAST_MATH = YES;
				ONLY_ACTIVE_ARCH = YES;
				SDKROOT = iphoneos;
				SWIFT_ACTIVE_COMPILATION_CONDITIONS = DEBUG;
				SWIFT_OPTIMIZATION_LEVEL = "-Onone";
			};
			name = Debug;
		};
		CE84153D21A979CE00BD6F83 /* Release */ = {
			isa = XCBuildConfiguration;
			buildSettings = {
				ALWAYS_SEARCH_USER_PATHS = NO;
				CLANG_ANALYZER_NONNULL = YES;
				CLANG_ANALYZER_NUMBER_OBJECT_CONVERSION = YES_AGGRESSIVE;
				CLANG_CXX_LANGUAGE_STANDARD = "gnu++14";
				CLANG_CXX_LIBRARY = "libc++";
				CLANG_ENABLE_MODULES = YES;
				CLANG_ENABLE_OBJC_ARC = YES;
				CLANG_ENABLE_OBJC_WEAK = YES;
				CLANG_WARN_BLOCK_CAPTURE_AUTORELEASING = YES;
				CLANG_WARN_BOOL_CONVERSION = YES;
				CLANG_WARN_COMMA = YES;
				CLANG_WARN_CONSTANT_CONVERSION = YES;
				CLANG_WARN_DEPRECATED_OBJC_IMPLEMENTATIONS = YES;
				CLANG_WARN_DIRECT_OBJC_ISA_USAGE = YES_ERROR;
				CLANG_WARN_DOCUMENTATION_COMMENTS = YES;
				CLANG_WARN_EMPTY_BODY = YES;
				CLANG_WARN_ENUM_CONVERSION = YES;
				CLANG_WARN_INFINITE_RECURSION = YES;
				CLANG_WARN_INT_CONVERSION = YES;
				CLANG_WARN_NON_LITERAL_NULL_CONVERSION = YES;
				CLANG_WARN_OBJC_IMPLICIT_RETAIN_SELF = YES;
				CLANG_WARN_OBJC_LITERAL_CONVERSION = YES;
				CLANG_WARN_OBJC_ROOT_CLASS = YES_ERROR;
				CLANG_WARN_RANGE_LOOP_ANALYSIS = YES;
				CLANG_WARN_STRICT_PROTOTYPES = YES;
				CLANG_WARN_SUSPICIOUS_MOVE = YES;
				CLANG_WARN_UNGUARDED_AVAILABILITY = YES_AGGRESSIVE;
				CLANG_WARN_UNREACHABLE_CODE = YES;
				CLANG_WARN__DUPLICATE_METHOD_MATCH = YES;
				CODE_SIGN_IDENTITY = "iPhone Developer";
				COPY_PHASE_STRIP = NO;
				DEBUG_INFORMATION_FORMAT = "dwarf-with-dsym";
				ENABLE_NS_ASSERTIONS = NO;
				ENABLE_STRICT_OBJC_MSGSEND = YES;
				GCC_C_LANGUAGE_STANDARD = gnu11;
				GCC_NO_COMMON_BLOCKS = YES;
				GCC_WARN_64_TO_32_BIT_CONVERSION = YES;
				GCC_WARN_ABOUT_RETURN_TYPE = YES_ERROR;
				GCC_WARN_UNDECLARED_SELECTOR = YES;
				GCC_WARN_UNINITIALIZED_AUTOS = YES_AGGRESSIVE;
				GCC_WARN_UNUSED_FUNCTION = YES;
				GCC_WARN_UNUSED_VARIABLE = YES;
				IPHONEOS_DEPLOYMENT_TARGET = 12.1;
				MTL_ENABLE_DEBUG_INFO = NO;
				MTL_FAST_MATH = YES;
				SDKROOT = iphoneos;
				SWIFT_COMPILATION_MODE = wholemodule;
				SWIFT_OPTIMIZATION_LEVEL = "-O";
				VALIDATE_PRODUCT = YES;
			};
			name = Release;
		};
		CE84153F21A979CE00BD6F83 /* Debug */ = {
			isa = XCBuildConfiguration;
			baseConfigurationReference = 4441C52E06E53B9B5C3369E7 /* Pods-Geofencing.debug.xcconfig */;
			buildSettings = {
				ASSETCATALOG_COMPILER_APPICON_NAME = AppIcon;
				CODE_SIGN_STYLE = Automatic;
				DEVELOPMENT_TEAM = C22TD2AZTE;
				INFOPLIST_FILE = Geofencing/Info.plist;
				LD_RUNPATH_SEARCH_PATHS = (
					"$(inherited)",
					"@executable_path/Frameworks",
				);
				PRODUCT_BUNDLE_IDENTIFIER = com.app.Geofencing;
				PRODUCT_NAME = "$(TARGET_NAME)";
				SWIFT_VERSION = 4.2;
				TARGETED_DEVICE_FAMILY = "1,2";
			};
			name = Debug;
		};
		CE84154021A979CE00BD6F83 /* Release */ = {
			isa = XCBuildConfiguration;
			baseConfigurationReference = 8D78E82876DD1B6C0CAFDDFF /* Pods-Geofencing.release.xcconfig */;
			buildSettings = {
				ASSETCATALOG_COMPILER_APPICON_NAME = AppIcon;
				CODE_SIGN_STYLE = Automatic;
				DEVELOPMENT_TEAM = C22TD2AZTE;
				INFOPLIST_FILE = Geofencing/Info.plist;
				LD_RUNPATH_SEARCH_PATHS = (
					"$(inherited)",
					"@executable_path/Frameworks",
				);
				PRODUCT_BUNDLE_IDENTIFIER = com.app.Geofencing;
				PRODUCT_NAME = "$(TARGET_NAME)";
				SWIFT_VERSION = 4.2;
				TARGETED_DEVICE_FAMILY = "1,2";
			};
			name = Release;
		};
/* End XCBuildConfiguration section */

/* Begin XCConfigurationList section */
		CE84152721A979CC00BD6F83 /* Build configuration list for PBXProject "Geofencing" */ = {
			isa = XCConfigurationList;
			buildConfigurations = (
				CE84153C21A979CE00BD6F83 /* Debug */,
				CE84153D21A979CE00BD6F83 /* Release */,
			);
			defaultConfigurationIsVisible = 0;
			defaultConfigurationName = Release;
		};
		CE84153E21A979CE00BD6F83 /* Build configuration list for PBXNativeTarget "Geofencing" */ = {
			isa = XCConfigurationList;
			buildConfigurations = (
				CE84153F21A979CE00BD6F83 /* Debug */,
				CE84154021A979CE00BD6F83 /* Release */,
			);
			defaultConfigurationIsVisible = 0;
			defaultConfigurationName = Release;
		};
/* End XCConfigurationList section */
	};
	rootObject = CE84152421A979CC00BD6F83 /* Project object */;
}
